
Microsoft Visual Studio Solution File, Format Version 12.00
# Visual Studio Version 16
VisualStudioVersion = 16.0.32002.261
MinimumVisualStudioVersion = 10.0.40219.1
Project("{FAE04EC0-301F-11D3-BF4B-00C04F79EFBC}") = "KostinPr18.Android", "KostinPr18\KostinPr18.Android\KostinPr18.Android.csproj", "{7A85B629-2870-47A0-B65C-F8137E985BF9}"
EndProject
Project("{FAE04EC0-301F-11D3-BF4B-00C04F79EFBC}") = "KostinPr18.iOS", "KostinPr18\KostinPr18.iOS\KostinPr18.iOS.csproj", "{FCD6C6BA-02BE-458B-BB8D-7523C8C9CF16}"
EndProject
Project("{FAE04EC0-301F-11D3-BF4B-00C04F79EFBC}") = "KostinPr18", "KostinPr18\KostinPr18\KostinPr18.csproj", "{981E408C-C0D7-4F73-A7D7-C7EE5ECACD3B}"
EndProject
Global
	GlobalSection(SolutionConfigurationPlatforms) = preSolution
		Debug|Any CPU = Debug|Any CPU
		Debug|iPhone = Debug|iPhone
		Debug|iPhoneSimulator = Debug|iPhoneSimulator
		Release|Any CPU = Release|Any CPU
		Release|iPhone = Release|iPhone
		Release|iPhoneSimulator = Release|iPhoneSimulator
	EndGlobalSection
	GlobalSection(ProjectConfigurationPlatforms) = postSolution
		{7A85B629-2870-47A0-B65C-F8137E985BF9}.Debug|Any CPU.ActiveCfg = Debug|Any CPU
		{7A85B629-2870-47A0-B65C-F8137E985BF9}.Debug|Any CPU.Build.0 = Debug|Any CPU
		{7A85B629-2870-47A0-B65C-F8137E985BF9}.Debug|Any CPU.Deploy.0 = Debug|Any CPU
		{7A85B629-2870-47A0-B65C-F8137E985BF9}.Debug|iPhone.ActiveCfg = Debug|Any CPU
		{7A85B629-2870-47A0-B65C-F8137E985BF9}.Debug|iPhone.Build.0 = Debug|Any CPU
		{7A85B629-2870-47A0-B65C-F8137E985BF9}.Debug|iPhone.Deploy.0 = Debug|Any CPU
		{7A85B629-2870-47A0-B65C-F8137E985BF9}.Debug|iPhoneSimulator.ActiveCfg = Debug|Any CPU
		{7A85B629-2870-47A0-B65C-F8137E985BF9}.Debug|iPhoneSimulator.Build.0 = Debug|Any CPU
		{7A85B629-2870-47A0-B65C-F8137E985BF9}.Debug|iPhoneSimulator.Deploy.0 = Debug|Any CPU
		{7A85B629-2870-47A0-B65C-F8137E985BF9}.Release|Any CPU.ActiveCfg = Release|Any CPU
		{7A85B629-2870-47A0-B65C-F8137E985BF9}.Release|Any CPU.Build.0 = Release|Any CPU
		{7A85B629-2870-47A0-B65C-F8137E985BF9}.Release|Any CPU.Deploy.0 = Release|Any CPU
		{7A85B629-2870-47A0-B65C-F8137E985BF9}.Release|iPhone.ActiveCfg = Release|Any CPU
		{7A85B629-2870-47A0-B65C-F8137E985BF9}.Release|iPhone.Build.0 = Release|Any CPU
		{7A85B629-2870-47A0-B65C-F8137E985BF9}.Release|iPhone.Deploy.0 = Release|Any CPU
		{7A85B629-2870-47A0-B65C-F8137E985BF9}.Release|iPhoneSimulator.ActiveCfg = Release|Any CPU
		{7A85B629-2870-47A0-B65C-F8137E985BF9}.Release|iPhoneSimulator.Build.0 = Release|Any CPU
		{7A85B629-2870-47A0-B65C-F8137E985BF9}.Release|iPhoneSimulator.Deploy.0 = Release|Any CPU
		{FCD6C6BA-02BE-458B-BB8D-7523C8C9CF16}.Debug|Any CPU.ActiveCfg = Debug|iPhone
		{FCD6C6BA-02BE-458B-BB8D-7523C8C9CF16}.Debug|Any CPU.Build.0 = Debug|iPhone
		{FCD6C6BA-02BE-458B-BB8D-7523C8C9CF16}.Debug|Any CPU.Deploy.0 = Debug|iPhone
		{FCD6C6BA-02BE-458B-BB8D-7523C8C9CF16}.Debug|iPhone.ActiveCfg = Debug|iPhone
		{FCD6C6BA-02BE-458B-BB8D-7523C8C9CF16}.Debug|iPhone.Build.0 = Debug|iPhone
		{FCD6C6BA-02BE-458B-BB8D-7523C8C9CF16}.Debug|iPhone.Deploy.0 = Debug|iPhone
		{FCD6C6BA-02BE-458B-BB8D-7523C8C9CF16}.Debug|iPhoneSimulator.ActiveCfg = Debug|iPhoneSimulator
		{FCD6C6BA-02BE-458B-BB8D-7523C8C9CF16}.Debug|iPhoneSimulator.Build.0 = Debug|iPhoneSimulator
		{FCD6C6BA-02BE-458B-BB8D-7523C8C9CF16}.Debug|iPhoneSimulator.Deploy.0 = Debug|iPhoneSimulator
		{FCD6C6BA-02BE-458B-BB8D-7523C8C9CF16}.Release|Any CPU.ActiveCfg = Release|iPhoneSimulator
		{FCD6C6BA-02BE-458B-BB8D-7523C8C9CF16}.Release|Any CPU.Build.0 = Release|iPhoneSimulator
		{FCD6C6BA-02BE-458B-BB8D-7523C8C9CF16}.Release|Any CPU.Deploy.0 = Release|iPhoneSimulator
		{FCD6C6BA-02BE-458B-BB8D-7523C8C9CF16}.Release|iPhone.ActiveCfg = Release|iPhone
		{FCD6C6BA-02BE-458B-BB8D-7523C8C9CF16}.Release|iPhone.Build.0 = Release|iPhone
		{FCD6C6BA-02BE-458B-BB8D-7523C8C9CF16}.Release|iPhone.Deploy.0 = Release|iPhone
		{FCD6C6BA-02BE-458B-BB8D-7523C8C9CF16}.Release|iPhoneSimulator.ActiveCfg = Release|iPhoneSimulator
		{FCD6C6BA-02BE-458B-BB8D-7523C8C9CF16}.Release|iPhoneSimulator.Build.0 = Release|iPhoneSimulator
		{FCD6C6BA-02BE-458B-BB8D-7523C8C9CF16}.Release|iPhoneSimulator.Deploy.0 = Release|iPhoneSimulator
		{981E408C-C0D7-4F73-A7D7-C7EE5ECACD3B}.Debug|Any CPU.ActiveCfg = Debug|Any CPU
		{981E408C-C0D7-4F73-A7D7-C7EE5ECACD3B}.Debug|Any CPU.Build.0 = Debug|Any CPU
		{981E408C-C0D7-4F73-A7D7-C7EE5ECACD3B}.Debug|Any CPU.Deploy.0 = Debug|Any CPU
		{981E408C-C0D7-4F73-A7D7-C7EE5ECACD3B}.Debug|iPhone.ActiveCfg = Debug|Any CPU
		{981E408C-C0D7-4F73-A7D7-C7EE5ECACD3B}.Debug|iPhone.Build.0 = Debug|Any CPU
		{981E408C-C0D7-4F73-A7D7-C7EE5ECACD3B}.Debug|iPhone.Deploy.0 = Debug|Any CPU
		{981E408C-C0D7-4F73-A7D7-C7EE5ECACD3B}.Debug|iPhoneSimulator.ActiveCfg = Debug|Any CPU
		{981E408C-C0D7-4F73-A7D7-C7EE5ECACD3B}.Debug|iPhoneSimulator.Build.0 = Debug|Any CPU
		{981E408C-C0D7-4F73-A7D7-C7EE5ECACD3B}.Debug|iPhoneSimulator.Deploy.0 = Debug|Any CPU
		{981E408C-C0D7-4F73-A7D7-C7EE5ECACD3B}.Release|Any CPU.ActiveCfg = Release|Any CPU
		{981E408C-C0D7-4F73-A7D7-C7EE5ECACD3B}.Release|Any CPU.Build.0 = Release|Any CPU
		{981E408C-C0D7-4F73-A7D7-C7EE5ECACD3B}.Release|Any CPU.Deploy.0 = Release|Any CPU
		{981E408C-C0D7-4F73-A7D7-C7EE5ECACD3B}.Release|iPhone.ActiveCfg = Release|Any CPU
		{981E408C-C0D7-4F73-A7D7-C7EE5ECACD3B}.Release|iPhone.Build.0 = Release|Any CPU
		{981E408C-C0D7-4F73-A7D7-C7EE5ECACD3B}.Release|iPhone.Deploy.0 = Release|Any CPU
		{981E408C-C0D7-4F73-A7D7-C7EE5ECACD3B}.Release|iPhoneSimulator.ActiveCfg = Release|Any CPU
		{981E408C-C0D7-4F73-A7D7-C7EE5ECACD3B}.Release|iPhoneSimulator.Build.0 = Release|Any CPU
		{981E408C-C0D7-4F73-A7D7-C7EE5ECACD3B}.Release|iPhoneSimulator.Deploy.0 = Release|Any CPU
	EndGlobalSection
	GlobalSection(SolutionProperties) = preSolution
		HideSolutionNode = FALSE
	EndGlobalSection
	GlobalSection(ExtensibilityGlobals) = postSolution
		SolutionGuid = {CCB6C6C5-3764-4BEC-98BF-2DE597E37FE1}
	EndGlobalSection
EndGlobal
